github.com/codingsince1985/geo-golang v1.8.1 h1:6B+Ce5QkbSglCtesiNRkSYMRDDQsYrv4XKM3jJVdyTw=
github.com/codingsince1985/geo-golang v1.8.1/go.mod h1:Ue7HAjKwwCAbqB5Q0YskqqnIX8XjMHL5Jq2fsSrI2T8=
github.com/davecgh/go-spew v1.1.0/go.mod h1:J7Y8YcW2NihsgmVo/mv3lAwl/skON4iLHjSsI+c5H38=
github.com/davecgh/go-spew v1.1.1 h1:vj9j/u1bqnvCEfJOwUhtlOARqs3+rkHYY13jYWTU97c=
github.com/davecgh/go-spew v1.1.1/go.mod h1:J7Y8YcW2NihsgmVo/mv3lAwl/skON4iLHjSsI+c5H38=
github.com/dvyukov/go-fuzz v0.0.0-20200318091601-be3528f3a813/go.mod h1:11Gm+ccJnvAhCNLlf5+cS9KjtbaD5I5zaZpFMsTHWTw=
github.com/openmarketplaceengine/geoservices v0.0.0-20220616190425-3dc7f297b532 h1:LMb73+c6HxVvHdzu3+Lv2/PMW0xVgKXtnGo2Q/Eudy8=
github.com/openmarketplaceengine/geoservices v0.0.0-20220616190425-3dc7f297b532/go.mod h1:iDCAnZAacNSboXAey3rrOrUX9D2T64zjND4J7mOKO7M=
github.com/openmarketplaceengine/geoservices/distance v0.0.0-20220616190425-3dc7f297b532 h1:HNaMORD9Xg6iEomAIFrPBVsUJjCnZm99MxOW7C4EDWg=
github.com/openmarketplaceengine/geoservices/distance v0.0.0-20220616190425-3dc7f297b532/go.mod h1:NdVwNXJ3okl7JyrowBcJc/RsckBfMJarOjMcxaJZbZc=
github.com/openmarketplaceengine/geoservices/geocode v0.0.0-20220616190425-3dc7f297b532 h1:9btQF1w1Y+k8ljV3yXuDZaUWFYz4BIMkP/EKLDDcyjA=
github.com/openmarketplaceengine/geoservices/geocode v0.0.0-20220616190425-3dc7f297b532/go.mod h1:DGBA22sS3jmeFgBktscfeWtMMGr2OclFB3T508njo3I=
github.com/openmarketplaceengine/geoservices/geocode/osrm v0.0.0-20220616190425-3dc7f297b532 h1:bauLfqw2PPn6UZR/Ow0nhjBA4P0pDFSNKwQ8vlnJujI=
github.com/openmarketplaceengine/geoservices/geocode/osrm v0.0.0-20220616190425-3dc7f297b532/go.mod h1:JVS1RUh2FN+izHl9l33JE9626rW98BeyxUuP59q0yac=
github.com/openmarketplaceengine/geoservices/osrm v0.0.0-20220616190425-3dc7f297b532 h1:/nAE15HXRDRkzCDX3lykLNf6ySPXgypQT2nmybs7hAU=
github.com/openmarketplaceengine/geoservices/osrm v0.0.0-20220616190425-3dc7f297b532/go.mod h1:NWlAdbsTzDyFXy7Tdfu3T/jPiqTfZNnIDuWsSmq7dq4=
github.com/patrickmn/go-cache v2.1.0+incompatible/go.mod h1:3Qf8kWWT7OJRJbdiICTKqZju1ZixQ/KpMGzzAfe6+WQ=
github.com/paulmach/go.geo v0.0.0-20180829195134-22b514266d33 h1:doG/0aLlWE6E4ndyQlkAQrPwaojghwz1IlmH0kjTdyk=
github.com/paulmach/go.geo v0.0.0-20180829195134-22b514266d33/go.mod h1:btFYk/ltlMU7ZKguHS7zQrwHYCtLoXGTaa44OsPbEVw=
github.com/paulmach/go.geojson v1.4.0 h1:5x5moCkCtDo5x8af62P9IOAYGQcYHtxz2QJ3x1DoCgY=
github.com/paulmach/go.geojson v1.4.0/go.mod h1:YaKx1hKpWF+T2oj2lFJPsW/t1Q5e1jQI61eoQSTwpIs=
github.com/pmezard/go-difflib v1.0.0 h1:4DBwDE0NGyQoBHbLQYPwSUPoCMWR5BEzIk/f1lZbAQM=
github.com/pmezard/go-difflib v1.0.0/go.mod h1:iKH77koFhYxTK1pcRnkKkqfTogsbg7gZNVY4sRDYZ/4=
github.com/stretchr/objx v0.1.0/go.mod h1:HFkY916IF+rwdDfMAkV7OtwuqBVzrE8GR6GFx+wExME=
github.com/stretchr/objx v0.3.0/go.mod h1:qt09Ya8vawLte6SNmTgCsAVtYtaKzEcn8ATUoHMkEqE=
github.com/stretchr/testify v1.3.0/go.mod h1:M5WIy9Dh21IEIfnGCwXGc5bZfKNJtfHm1UVUgZn+9EI=
github.com/stretchr/testify v1.6.1/go.mod h1:6Fq8oRcR53rry900zMqJjRRixrwX3KX962/h/Wwjteg=
github.com/stretchr/testify v1.7.0 h1:nwc3DEeHmmLAfoZucVR881uASk0Mfjw8xYJ99tb5CcY=
github.com/stretchr/testify v1.7.0/go.mod h1:6Fq8oRcR53rry900zMqJjRRixrwX3KX962/h/Wwjteg=
github.com/twpayne/go-polyline v1.1.1 h1:/tSF1BR7rN4HWj4XKqvRUNrCiYVMCvywxTFVofvDV0w=
github.com/twpayne/go-polyline v1.1.1/go.mod h1:ybd9IWWivW/rlXPXuuckeKUyF3yrIim+iqA7kSl4NFY=
golang.org/x/sync v0.0.0-20220601150217-0de741cfad7f h1:Ax0t5p6N38Ga0dThY21weqDEyz2oklo4IvDkpigvkD8=
golang.org/x/sync v0.0.0-20220601150217-0de741cfad7f/go.mod h1:RxMgew5VJxzue5/jJTE5uejpjVlOe/izrB70Jof72aM=
gopkg.in/check.v1 v0.0.0-20161208181325-20d25e280405 h1:yhCVgyC4o1eVCa2tZl7eS0r+SDo693bJlVdllGtEeKM=
gopkg.in/check.v1 v0.0.0-20161208181325-20d25e280405/go.mod h1:Co6ibVJAznAaIkqp8huTwlJQCZ016jof/cbN4VW5Yz0=
gopkg.in/yaml.v3 v3.0.0-20200313102051-9f266ea9e77c/go.mod h1:K4uyk7z7BCEPqu6E+C64Yfv1cQ7kz7rIZviUmN+EgEM=
gopkg.in/yaml.v3 v3.0.0-20210107192922-496545a6307b h1:h8qDotaEPuJATrMmW04NCwg7v22aHH28wwpauUhK9Oo=
gopkg.in/yaml.v3 v3.0.0-20210107192922-496545a6307b/go.mod h1:K4uyk7z7BCEPqu6E+C64Yfv1cQ7kz7rIZviUmN+EgEM=
